
Microsoft Visual Studio Solution File, Format Version 12.00
# Visual Studio Version 17
VisualStudioVersion = 17.2.32630.192
MinimumVisualStudioVersion = 10.0.40219.1
Project("{9A19103F-16F7-4668-BE54-9A1E7A4F7556}") = "R5T.Z0038.Construction", "R5T.Z0038.Construction\R5T.Z0038.Construction.csproj", "{5D060E25-6A2A-4F3D-9FC9-799E7D337BB1}"
EndProject
Project("{9A19103F-16F7-4668-BE54-9A1E7A4F7556}") = "R5T.Z0038", "R5T.Z0038\R5T.Z0038.csproj", "{E7C8E063-E6B7-48CE-ADE0-60C1DF0EED9C}"
EndProject
Project("{2150E333-8FDC-42A3-9474-1A3956D46DE8}") = "_Dependencies", "_Dependencies", "{86E9EA57-EAA9-43DD-9202-1F05DBB98AAD}"
EndProject
Project("{9A19103F-16F7-4668-BE54-9A1E7A4F7556}") = "R5T.T0132", "..\..\R5T.T0132\source\R5T.T0132\R5T.T0132.csproj", "{A8B4375A-CA22-485C-934A-D59B302143B7}"
EndProject
Project("{9A19103F-16F7-4668-BE54-9A1E7A4F7556}") = "R5T.T0143", "..\..\R5T.T0143\source\R5T.T0143\R5T.T0143.csproj", "{A4A14370-040E-4CB4-91D7-7482B724497C}"
EndProject
Project("{9A19103F-16F7-4668-BE54-9A1E7A4F7556}") = "R5T.T0150", "..\..\R5T.T0150\source\R5T.T0150\R5T.T0150.csproj", "{208609E1-90ED-493B-9056-6B9AD0326F93}"
EndProject
Project("{9A19103F-16F7-4668-BE54-9A1E7A4F7556}") = "R5T.T0151", "..\..\R5T.T0151\source\R5T.T0151\R5T.T0151.csproj", "{4AEE98D4-F4C9-4D1D-A16B-F044170484B0}"
EndProject
Project("{9A19103F-16F7-4668-BE54-9A1E7A4F7556}") = "R5T.T0161", "..\..\R5T.T0161\source\R5T.T0161\R5T.T0161.csproj", "{29441C0A-CA76-4D2D-94AD-FFDC88BBC22A}"
EndProject
Project("{9A19103F-16F7-4668-BE54-9A1E7A4F7556}") = "R5T.T0131", "..\..\R5T.T0131\source\R5T.T0131\R5T.T0131.csproj", "{F95F7818-972A-48BA-A6F2-ED3A708C0279}"
EndProject
Global
	GlobalSection(NestedProjects) = preSolution
		{A8B4375A-CA22-485C-934A-D59B302143B7} = {86E9EA57-EAA9-43DD-9202-1F05DBB98AAD}
		{A4A14370-040E-4CB4-91D7-7482B724497C} = {86E9EA57-EAA9-43DD-9202-1F05DBB98AAD}
		{208609E1-90ED-493B-9056-6B9AD0326F93} = {86E9EA57-EAA9-43DD-9202-1F05DBB98AAD}
		{4AEE98D4-F4C9-4D1D-A16B-F044170484B0} = {86E9EA57-EAA9-43DD-9202-1F05DBB98AAD}
		{29441C0A-CA76-4D2D-94AD-FFDC88BBC22A} = {86E9EA57-EAA9-43DD-9202-1F05DBB98AAD}
		{F95F7818-972A-48BA-A6F2-ED3A708C0279} = {86E9EA57-EAA9-43DD-9202-1F05DBB98AAD}
	EndGlobalSection
	GlobalSection(SolutionConfigurationPlatforms) = preSolution
		Debug|Any CPU = Debug|Any CPU
		Release|Any CPU = Release|Any CPU
	EndGlobalSection
	GlobalSection(ProjectConfigurationPlatforms) = postSolution
		{5D060E25-6A2A-4F3D-9FC9-799E7D337BB1}.Debug|Any CPU.ActiveCfg = Debug|Any CPU
		{5D060E25-6A2A-4F3D-9FC9-799E7D337BB1}.Debug|Any CPU.Build.0 = Debug|Any CPU
		{5D060E25-6A2A-4F3D-9FC9-799E7D337BB1}.Release|Any CPU.ActiveCfg = Release|Any CPU
		{5D060E25-6A2A-4F3D-9FC9-799E7D337BB1}.Release|Any CPU.Build.0 = Release|Any CPU
		{E7C8E063-E6B7-48CE-ADE0-60C1DF0EED9C}.Debug|Any CPU.ActiveCfg = Debug|Any CPU
		{E7C8E063-E6B7-48CE-ADE0-60C1DF0EED9C}.Debug|Any CPU.Build.0 = Debug|Any CPU
		{E7C8E063-E6B7-48CE-ADE0-60C1DF0EED9C}.Release|Any CPU.ActiveCfg = Release|Any CPU
		{E7C8E063-E6B7-48CE-ADE0-60C1DF0EED9C}.Release|Any CPU.Build.0 = Release|Any CPU
		{A8B4375A-CA22-485C-934A-D59B302143B7}.Debug|Any CPU.ActiveCfg = Debug|Any CPU
		{A8B4375A-CA22-485C-934A-D59B302143B7}.Debug|Any CPU.Build.0 = Debug|Any CPU
		{A8B4375A-CA22-485C-934A-D59B302143B7}.Release|Any CPU.ActiveCfg = Release|Any CPU
		{A8B4375A-CA22-485C-934A-D59B302143B7}.Release|Any CPU.Build.0 = Release|Any CPU
		{A4A14370-040E-4CB4-91D7-7482B724497C}.Debug|Any CPU.ActiveCfg = Debug|Any CPU
		{A4A14370-040E-4CB4-91D7-7482B724497C}.Debug|Any CPU.Build.0 = Debug|Any CPU
		{A4A14370-040E-4CB4-91D7-7482B724497C}.Release|Any CPU.ActiveCfg = Release|Any CPU
		{A4A14370-040E-4CB4-91D7-7482B724497C}.Release|Any CPU.Build.0 = Release|Any CPU
		{208609E1-90ED-493B-9056-6B9AD0326F93}.Debug|Any CPU.ActiveCfg = Debug|Any CPU
		{208609E1-90ED-493B-9056-6B9AD0326F93}.Debug|Any CPU.Build.0 = Debug|Any CPU
		{208609E1-90ED-493B-9056-6B9AD0326F93}.Release|Any CPU.ActiveCfg = Release|Any CPU
		{208609E1-90ED-493B-9056-6B9AD0326F93}.Release|Any CPU.Build.0 = Release|Any CPU
		{4AEE98D4-F4C9-4D1D-A16B-F044170484B0}.Debug|Any CPU.ActiveCfg = Debug|Any CPU
		{4AEE98D4-F4C9-4D1D-A16B-F044170484B0}.Debug|Any CPU.Build.0 = Debug|Any CPU
		{4AEE98D4-F4C9-4D1D-A16B-F044170484B0}.Release|Any CPU.ActiveCfg = Release|Any CPU
		{4AEE98D4-F4C9-4D1D-A16B-F044170484B0}.Release|Any CPU.Build.0 = Release|Any CPU
		{29441C0A-CA76-4D2D-94AD-FFDC88BBC22A}.Debug|Any CPU.ActiveCfg = Debug|Any CPU
		{29441C0A-CA76-4D2D-94AD-FFDC88BBC22A}.Debug|Any CPU.Build.0 = Debug|Any CPU
		{29441C0A-CA76-4D2D-94AD-FFDC88BBC22A}.Release|Any CPU.ActiveCfg = Release|Any CPU
		{29441C0A-CA76-4D2D-94AD-FFDC88BBC22A}.Release|Any CPU.Build.0 = Release|Any CPU
		{F95F7818-972A-48BA-A6F2-ED3A708C0279}.Debug|Any CPU.ActiveCfg = Debug|Any CPU
		{F95F7818-972A-48BA-A6F2-ED3A708C0279}.Debug|Any CPU.Build.0 = Debug|Any CPU
		{F95F7818-972A-48BA-A6F2-ED3A708C0279}.Release|Any CPU.ActiveCfg = Release|Any CPU
		{F95F7818-972A-48BA-A6F2-ED3A708C0279}.Release|Any CPU.Build.0 = Release|Any CPU
	EndGlobalSection
	GlobalSection(SolutionProperties) = preSolution
		HideSolutionNode = FALSE
	EndGlobalSection
	GlobalSection(ExtensibilityGlobals) = postSolution
		SolutionGuid = {371AFA26-C2C8-4E69-AF7F-BE360DC10F1F}
	EndGlobalSection
EndGlobal
