
Microsoft Visual Studio Solution File, Format Version 12.00
# Visual Studio Version 17
VisualStudioVersion = 17.2.32630.192
MinimumVisualStudioVersion = 10.0.40219.1
Project("{9A19103F-16F7-4668-BE54-9A1E7A4F7556}") = "R5T.Z0038", "R5T.Z0038\R5T.Z0038.csproj", "{C31B3F1D-92EA-49E5-AC50-C97577476378}"
EndProject
Project("{2150E333-8FDC-42A3-9474-1A3956D46DE8}") = "_Dependencies", "_Dependencies", "{5F56AC16-28A6-4DAB-A0DE-D370601672F2}"
EndProject
Project("{9A19103F-16F7-4668-BE54-9A1E7A4F7556}") = "R5T.T0132", "..\..\R5T.T0132\source\R5T.T0132\R5T.T0132.csproj", "{AD9E9436-5DDA-4583-8BCF-98042890EB86}"
EndProject
Project("{9A19103F-16F7-4668-BE54-9A1E7A4F7556}") = "R5T.T0143", "..\..\R5T.T0143\source\R5T.T0143\R5T.T0143.csproj", "{9F4656C4-7BF4-4CE1-9385-E0542391A30D}"
EndProject
Project("{9A19103F-16F7-4668-BE54-9A1E7A4F7556}") = "R5T.T0150", "..\..\R5T.T0150\source\R5T.T0150\R5T.T0150.csproj", "{6168F446-88BF-4CE6-B2C3-D72A88C15BEA}"
EndProject
Project("{9A19103F-16F7-4668-BE54-9A1E7A4F7556}") = "R5T.T0151", "..\..\R5T.T0151\source\R5T.T0151\R5T.T0151.csproj", "{F0D7DCAD-247E-4EBF-83A7-B165601FEAFA}"
EndProject
Project("{9A19103F-16F7-4668-BE54-9A1E7A4F7556}") = "R5T.T0161", "..\..\R5T.T0161\source\R5T.T0161\R5T.T0161.csproj", "{6938FBA9-83F2-418C-9E27-DED178C9512D}"
EndProject
Project("{9A19103F-16F7-4668-BE54-9A1E7A4F7556}") = "R5T.T0131", "..\..\R5T.T0131\source\R5T.T0131\R5T.T0131.csproj", "{3B73ECAD-30C8-4860-AA03-D981C31A9082}"
EndProject
Project("{9A19103F-16F7-4668-BE54-9A1E7A4F7556}") = "R5T.T0178", "..\..\R5T.T0178\source\R5T.T0178\R5T.T0178.csproj", "{7D84A621-A80F-430C-AE88-D297A000BB6F}"
EndProject
Project("{9A19103F-16F7-4668-BE54-9A1E7A4F7556}") = "R5T.T0179", "..\..\R5T.T0179\source\R5T.T0179\R5T.T0179.csproj", "{DD574FCE-ADB2-4476-BC3E-8AD6AC0BFC11}"
EndProject
Global
	GlobalSection(NestedProjects) = preSolution
		{AD9E9436-5DDA-4583-8BCF-98042890EB86} = {5F56AC16-28A6-4DAB-A0DE-D370601672F2}
		{9F4656C4-7BF4-4CE1-9385-E0542391A30D} = {5F56AC16-28A6-4DAB-A0DE-D370601672F2}
		{6168F446-88BF-4CE6-B2C3-D72A88C15BEA} = {5F56AC16-28A6-4DAB-A0DE-D370601672F2}
		{F0D7DCAD-247E-4EBF-83A7-B165601FEAFA} = {5F56AC16-28A6-4DAB-A0DE-D370601672F2}
		{6938FBA9-83F2-418C-9E27-DED178C9512D} = {5F56AC16-28A6-4DAB-A0DE-D370601672F2}
		{3B73ECAD-30C8-4860-AA03-D981C31A9082} = {5F56AC16-28A6-4DAB-A0DE-D370601672F2}
		{7D84A621-A80F-430C-AE88-D297A000BB6F} = {5F56AC16-28A6-4DAB-A0DE-D370601672F2}
		{DD574FCE-ADB2-4476-BC3E-8AD6AC0BFC11} = {5F56AC16-28A6-4DAB-A0DE-D370601672F2}
	EndGlobalSection
	GlobalSection(SolutionConfigurationPlatforms) = preSolution
		Debug|Any CPU = Debug|Any CPU
		Release|Any CPU = Release|Any CPU
	EndGlobalSection
	GlobalSection(ProjectConfigurationPlatforms) = postSolution
		{C31B3F1D-92EA-49E5-AC50-C97577476378}.Debug|Any CPU.ActiveCfg = Debug|Any CPU
		{C31B3F1D-92EA-49E5-AC50-C97577476378}.Debug|Any CPU.Build.0 = Debug|Any CPU
		{C31B3F1D-92EA-49E5-AC50-C97577476378}.Release|Any CPU.ActiveCfg = Release|Any CPU
		{C31B3F1D-92EA-49E5-AC50-C97577476378}.Release|Any CPU.Build.0 = Release|Any CPU
		{AD9E9436-5DDA-4583-8BCF-98042890EB86}.Debug|Any CPU.ActiveCfg = Debug|Any CPU
		{AD9E9436-5DDA-4583-8BCF-98042890EB86}.Debug|Any CPU.Build.0 = Debug|Any CPU
		{AD9E9436-5DDA-4583-8BCF-98042890EB86}.Release|Any CPU.ActiveCfg = Release|Any CPU
		{AD9E9436-5DDA-4583-8BCF-98042890EB86}.Release|Any CPU.Build.0 = Release|Any CPU
		{9F4656C4-7BF4-4CE1-9385-E0542391A30D}.Debug|Any CPU.ActiveCfg = Debug|Any CPU
		{9F4656C4-7BF4-4CE1-9385-E0542391A30D}.Debug|Any CPU.Build.0 = Debug|Any CPU
		{9F4656C4-7BF4-4CE1-9385-E0542391A30D}.Release|Any CPU.ActiveCfg = Release|Any CPU
		{9F4656C4-7BF4-4CE1-9385-E0542391A30D}.Release|Any CPU.Build.0 = Release|Any CPU
		{6168F446-88BF-4CE6-B2C3-D72A88C15BEA}.Debug|Any CPU.ActiveCfg = Debug|Any CPU
		{6168F446-88BF-4CE6-B2C3-D72A88C15BEA}.Debug|Any CPU.Build.0 = Debug|Any CPU
		{6168F446-88BF-4CE6-B2C3-D72A88C15BEA}.Release|Any CPU.ActiveCfg = Release|Any CPU
		{6168F446-88BF-4CE6-B2C3-D72A88C15BEA}.Release|Any CPU.Build.0 = Release|Any CPU
		{F0D7DCAD-247E-4EBF-83A7-B165601FEAFA}.Debug|Any CPU.ActiveCfg = Debug|Any CPU
		{F0D7DCAD-247E-4EBF-83A7-B165601FEAFA}.Debug|Any CPU.Build.0 = Debug|Any CPU
		{F0D7DCAD-247E-4EBF-83A7-B165601FEAFA}.Release|Any CPU.ActiveCfg = Release|Any CPU
		{F0D7DCAD-247E-4EBF-83A7-B165601FEAFA}.Release|Any CPU.Build.0 = Release|Any CPU
		{6938FBA9-83F2-418C-9E27-DED178C9512D}.Debug|Any CPU.ActiveCfg = Debug|Any CPU
		{6938FBA9-83F2-418C-9E27-DED178C9512D}.Debug|Any CPU.Build.0 = Debug|Any CPU
		{6938FBA9-83F2-418C-9E27-DED178C9512D}.Release|Any CPU.ActiveCfg = Release|Any CPU
		{6938FBA9-83F2-418C-9E27-DED178C9512D}.Release|Any CPU.Build.0 = Release|Any CPU
		{3B73ECAD-30C8-4860-AA03-D981C31A9082}.Debug|Any CPU.ActiveCfg = Debug|Any CPU
		{3B73ECAD-30C8-4860-AA03-D981C31A9082}.Debug|Any CPU.Build.0 = Debug|Any CPU
		{3B73ECAD-30C8-4860-AA03-D981C31A9082}.Release|Any CPU.ActiveCfg = Release|Any CPU
		{3B73ECAD-30C8-4860-AA03-D981C31A9082}.Release|Any CPU.Build.0 = Release|Any CPU
		{7D84A621-A80F-430C-AE88-D297A000BB6F}.Debug|Any CPU.ActiveCfg = Debug|Any CPU
		{7D84A621-A80F-430C-AE88-D297A000BB6F}.Debug|Any CPU.Build.0 = Debug|Any CPU
		{7D84A621-A80F-430C-AE88-D297A000BB6F}.Release|Any CPU.ActiveCfg = Release|Any CPU
		{7D84A621-A80F-430C-AE88-D297A000BB6F}.Release|Any CPU.Build.0 = Release|Any CPU
		{DD574FCE-ADB2-4476-BC3E-8AD6AC0BFC11}.Debug|Any CPU.ActiveCfg = Debug|Any CPU
		{DD574FCE-ADB2-4476-BC3E-8AD6AC0BFC11}.Debug|Any CPU.Build.0 = Debug|Any CPU
		{DD574FCE-ADB2-4476-BC3E-8AD6AC0BFC11}.Release|Any CPU.ActiveCfg = Release|Any CPU
		{DD574FCE-ADB2-4476-BC3E-8AD6AC0BFC11}.Release|Any CPU.Build.0 = Release|Any CPU
	EndGlobalSection
	GlobalSection(SolutionProperties) = preSolution
		HideSolutionNode = FALSE
	EndGlobalSection
	GlobalSection(ExtensibilityGlobals) = postSolution
		SolutionGuid = {EE3C0A4E-A3CE-46CE-91E5-1BD2DCE94422}
	EndGlobalSection
EndGlobal
